// !$*UTF8*$!
{
	archiveVersion = 1;
	classes = {
	};
	objectVersion = 52;
	objects = {

/* Begin PBXBuildFile section */
		650C925E2351CDD200D60EB1 /* AppDelegate.swift in Sources */ = {isa = PBXBuildFile; fileRef = 650C925D2351CDD200D60EB1 /* AppDelegate.swift */; };
		650C92602351CDD200D60EB1 /* SceneDelegate.swift in Sources */ = {isa = PBXBuildFile; fileRef = 650C925F2351CDD200D60EB1 /* SceneDelegate.swift */; };
		650C92622351CDD200D60EB1 /* ContentView.swift in Sources */ = {isa = PBXBuildFile; fileRef = 650C92612351CDD200D60EB1 /* ContentView.swift */; };
		650C92642351CDD400D60EB1 /* Assets.xcassets in Resources */ = {isa = PBXBuildFile; fileRef = 650C92632351CDD400D60EB1 /* Assets.xcassets */; };
		650C92672351CDD400D60EB1 /* Preview Assets.xcassets in Resources */ = {isa = PBXBuildFile; fileRef = 650C92662351CDD400D60EB1 /* Preview Assets.xcassets */; };
		650C926A2351CDD400D60EB1 /* LaunchScreen.storyboard in Resources */ = {isa = PBXBuildFile; fileRef = 650C92682351CDD400D60EB1 /* LaunchScreen.storyboard */; };
/* End PBXBuildFile section */

/* Begin PBXFileReference section */
		650C925A2351CDD200D60EB1 /* SF Playground.app */ = {isa = PBXFileReference; explicitFileType = wrapper.application; includeInIndex = 0; path = "SF Playground.app"; sourceTree = BUILT_PRODUCTS_DIR; };
		650C925D2351CDD200D60EB1 /* AppDelegate.swift */ = {isa = PBXFileReference; lastKnownFileType = sourcecode.swift; path = AppDelegate.swift; sourceTree = "<group>"; };
		650C925F2351CDD200D60EB1 /* SceneDelegate.swift */ = {isa = PBXFileReference; lastKnownFileType = sourcecode.swift; path = SceneDelegate.swift; sourceTree = "<group>"; };
		650C92612351CDD200D60EB1 /* ContentView.swift */ = {isa = PBXFileReference; lastKnownFileType = sourcecode.swift; path = ContentView.swift; sourceTree = "<group>"; };
		650C92632351CDD400D60EB1 /* Assets.xcassets */ = {isa = PBXFileReference; lastKnownFileType = folder.assetcatalog; path = Assets.xcassets; sourceTree = "<group>"; };
		650C92662351CDD400D60EB1 /* Preview Assets.xcassets */ = {isa = PBXFileReference; lastKnownFileType = folder.assetcatalog; path = "Preview Assets.xcassets"; sourceTree = "<group>"; };
		650C92692351CDD400D60EB1 /* Base */ = {isa = PBXFileReference; lastKnownFileType = file.storyboard; name = Base; path = Base.lproj/LaunchScreen.storyboard; sourceTree = "<group>"; };
		650C926B2351CDD400D60EB1 /* Info.plist */ = {isa = PBXFileReference; lastKnownFileType = text.plist.xml; path = Info.plist; sourceTree = "<group>"; };
		650C92712351CDFB00D60EB1 /* SF Playground.entitlements */ = {isa = PBXFileReference; lastKnownFileType = text.plist.entitlements; path = "SF Playground.entitlements"; sourceTree = "<group>"; };
/* End PBXFileReference section */

/* Begin PBXFrameworksBuildPhase section */
		650C92572351CDD200D60EB1 /* Frameworks */ = {
			isa = PBXFrameworksBuildPhase;
			buildActionMask = 2147483647;
			files = (
			);
			runOnlyForDeploymentPostprocessing = 0;
		};
/* End PBXFrameworksBuildPhase section */

/* Begin PBXGroup section */
		650C92512351CDD200D60EB1 = {
			isa = PBXGroup;
			children = (
				650C925C2351CDD200D60EB1 /* SF Symbol Playground */,
				650C925B2351CDD200D60EB1 /* Products */,
			);
			sourceTree = "<group>";
		};
		650C925B2351CDD200D60EB1 /* Products */ = {
			isa = PBXGroup;
			children = (
				650C925A2351CDD200D60EB1 /* SF Playground.app */,
			);
			name = Products;
			sourceTree = "<group>";
		};
		650C925C2351CDD200D60EB1 /* SF Symbol Playground */ = {
			isa = PBXGroup;
			children = (
				650C92712351CDFB00D60EB1 /* SF Playground.entitlements */,
				650C925D2351CDD200D60EB1 /* AppDelegate.swift */,
				650C925F2351CDD200D60EB1 /* SceneDelegate.swift */,
				650C92612351CDD200D60EB1 /* ContentView.swift */,
				650C92632351CDD400D60EB1 /* Assets.xcassets */,
				650C92682351CDD400D60EB1 /* LaunchScreen.storyboard */,
				650C926B2351CDD400D60EB1 /* Info.plist */,
				650C92652351CDD400D60EB1 /* Preview Content */,
			);
			path = "SF Symbol Playground";
			sourceTree = "<group>";
		};
		650C92652351CDD400D60EB1 /* Preview Content */ = {
			isa = PBXGroup;
			children = (
				650C92662351CDD400D60EB1 /* Preview Assets.xcassets */,
			);
			path = "Preview Content";
			sourceTree = "<group>";
		};
/* End PBXGroup section */

/* Begin PBXNativeTarget section */
		650C92592351CDD200D60EB1 /* SF Symbol Playground */ = {
			isa = PBXNativeTarget;
			buildConfigurationList = 650C926E2351CDD400D60EB1 /* Build configuration list for PBXNativeTarget "SF Symbol Playground" */;
			buildPhases = (
				650C92562351CDD200D60EB1 /* Sources */,
				650C92572351CDD200D60EB1 /* Frameworks */,
				650C92582351CDD200D60EB1 /* Resources */,
			);
			buildRules = (
			);
			dependencies = (
			);
			name = "SF Symbol Playground";
			productName = "SF Symbol Playground";
			productReference = 650C925A2351CDD200D60EB1 /* SF Playground.app */;
			productType = "com.apple.product-type.application";
		};
/* End PBXNativeTarget section */

/* Begin PBXProject section */
		650C92522351CDD200D60EB1 /* Project object */ = {
			isa = PBXProject;
			attributes = {
				LastSwiftUpdateCheck = 1110;
				LastUpgradeCheck = 1110;
				ORGANIZATIONNAME = "Jeremie Berduck";
				TargetAttributes = {
					650C92592351CDD200D60EB1 = {
						CreatedOnToolsVersion = 11.1;
					};
				};
			};
			buildConfigurationList = 650C92552351CDD200D60EB1 /* Build configuration list for PBXProject "SF Symbol Playground" */;
			compatibilityVersion = "Xcode 11.0";
			developmentRegion = en;
			hasScannedForEncodings = 0;
			knownRegions = (
				en,
				Base,
			);
			mainGroup = 650C92512351CDD200D60EB1;
			productRefGroup = 650C925B2351CDD200D60EB1 /* Products */;
			projectDirPath = "";
			projectRoot = "";
			targets = (
				650C92592351CDD200D60EB1 /* SF Symbol Playground */,
			);
		};
/* End PBXProject section */

/* Begin PBXResourcesBuildPhase section */
		650C92582351CDD200D60EB1 /* Resources */ = {
			isa = PBXResourcesBuildPhase;
			buildActionMask = 2147483647;
			files = (
				650C926A2351CDD400D60EB1 /* LaunchScreen.storyboard in Resources */,
				650C92672351CDD400D60EB1 /* Preview Assets.xcassets in Resources */,
				650C92642351CDD400D60EB1 /* Assets.xcassets in Resources */,
			);
			runOnlyForDeploymentPostprocessing = 0;
		};
/* End PBXResourcesBuildPhase section */

/* Begin PBXSourcesBuildPhase section */
		650C92562351CDD200D60EB1 /* Sources */ = {
			isa = PBXSourcesBuildPhase;
			buildActionMask = 2147483647;
			files = (
				650C925E2351CDD200D60EB1 /* AppDelegate.swift in Sources */,
				650C92602351CDD200D60EB1 /* SceneDelegate.swift in Sources */,
				650C92622351CDD200D60EB1 /* ContentView.swift in Sources */,
			);
			runOnlyForDeploymentPostprocessing = 0;
		};
/* End PBXSourcesBuildPhase section */

/* Begin PBXVariantGroup section */
		650C92682351CDD400D60EB1 /* LaunchScreen.storyboard */ = {
			isa = PBXVariantGroup;
			children = (
				650C92692351CDD400D60EB1 /* Base */,
			);
			name = LaunchScreen.storyboard;
			sourceTree = "<group>";
		};
/* End PBXVariantGroup section */

/* Begin XCBuildConfiguration section */
		650C926C2351CDD400D60EB1 /* Debug */ = {
			isa = XCBuildConfiguration;
			buildSettings = {
				ALWAYS_SEARCH_USER_PATHS = NO;
				CLANG_ANALYZER_NONNULL = YES;
				CLANG_ANALYZER_NUMBER_OBJECT_CONVERSION = YES_AGGRESSIVE;
				CLANG_CXX_LANGUAGE_STANDARD = "gnu++14";
				CLANG_CXX_LIBRARY = "libc++";
				CLANG_ENABLE_MODULES = YES;
				CLANG_ENABLE_OBJC_ARC = YES;
				CLANG_ENABLE_OBJC_WEAK = YES;
				CLANG_WARN_BLOCK_CAPTURE_AUTORELEASING = YES;
				CLANG_WARN_BOOL_CONVERSION = YES;
				CLANG_WARN_COMMA = YES;
				CLANG_WARN_CONSTANT_CONVERSION = YES;
				CLANG_WARN_DEPRECATED_OBJC_IMPLEMENTATIONS = YES;
				CLANG_WARN_DIRECT_OBJC_ISA_USAGE = YES_ERROR;
				CLANG_WARN_DOCUMENTATION_COMMENTS = YES;
				CLANG_WARN_EMPTY_BODY = YES;
				CLANG_WARN_ENUM_CONVERSION = YES;
				CLANG_WARN_INFINITE_RECURSION = YES;
				CLANG_WARN_INT_CONVERSION = YES;
				CLANG_WARN_NON_LITERAL_NULL_CONVERSION = YES;
				CLANG_WARN_OBJC_IMPLICIT_RETAIN_SELF = YES;
				CLANG_WARN_OBJC_LITERAL_CONVERSION = YES;
				CLANG_WARN_OBJC_ROOT_CLASS = YES_ERROR;
				CLANG_WARN_RANGE_LOOP_ANALYSIS = YES;
				CLANG_WARN_STRICT_PROTOTYPES = YES;
				CLANG_WARN_SUSPICIOUS_MOVE = YES;
				CLANG_WARN_UNGUARDED_AVAILABILITY = YES_AGGRESSIVE;
				CLANG_WARN_UNREACHABLE_CODE = YES;
				CLANG_WARN__DUPLICATE_METHOD_MATCH = YES;
				COPY_PHASE_STRIP = NO;
				DEBUG_INFORMATION_FORMAT = dwarf;
				ENABLE_STRICT_OBJC_MSGSEND = YES;
				ENABLE_TESTABILITY = YES;
				GCC_C_LANGUAGE_STANDARD = gnu11;
				GCC_DYNAMIC_NO_PIC = NO;
				GCC_NO_COMMON_BLOCKS = YES;
				GCC_OPTIMIZATION_LEVEL = 0;
				GCC_PREPROCESSOR_DEFINITIONS = (
					"DEBUG=1",
					"$(inherited)",
				);
				GCC_WARN_64_TO_32_BIT_CONVERSION = YES;
				GCC_WARN_ABOUT_RETURN_TYPE = YES_ERROR;
				GCC_WARN_UNDECLARED_SELECTOR = YES;
				GCC_WARN_UNINITIALIZED_AUTOS = YES_AGGRESSIVE;
				GCC_WARN_UNUSED_FUNCTION = YES;
				GCC_WARN_UNUSED_VARIABLE = YES;
				IPHONEOS_DEPLOYMENT_TARGET = 13.1;
				MTL_ENABLE_DEBUG_INFO = INCLUDE_SOURCE;
				MTL_FAST_MATH = YES;
				ONLY_ACTIVE_ARCH = YES;
				SDKROOT = iphoneos;
				SWIFT_ACTIVE_COMPILATION_CONDITIONS = DEBUG;
				SWIFT_OPTIMIZATION_LEVEL = "-Onone";
			};
			name = Debug;
		};
		650C926D2351CDD400D60EB1 /* Release */ = {
			isa = XCBuildConfiguration;
			buildSettings = {
				ALWAYS_SEARCH_USER_PATHS = NO;
				CLANG_ANALYZER_NONNULL = YES;
				CLANG_ANALYZER_NUMBER_OBJECT_CONVERSION = YES_AGGRESSIVE;
				CLANG_CXX_LANGUAGE_STANDARD = "gnu++14";
				CLANG_CXX_LIBRARY = "libc++";
				CLANG_ENABLE_MODULES = YES;
				CLANG_ENABLE_OBJC_ARC = YES;
				CLANG_ENABLE_OBJC_WEAK = YES;
				CLANG_WARN_BLOCK_CAPTURE_AUTORELEASING = YES;
				CLANG_WARN_BOOL_CONVERSION = YES;
				CLANG_WARN_COMMA = YES;
				CLANG_WARN_CONSTANT_CONVERSION = YES;
				CLANG_WARN_DEPRECATED_OBJC_IMPLEMENTATIONS = YES;
				CLANG_WARN_DIRECT_OBJC_ISA_USAGE = YES_ERROR;
				CLANG_WARN_DOCUMENTATION_COMMENTS = YES;
				CLANG_WARN_EMPTY_BODY = YES;
				CLANG_WARN_ENUM_CONVERSION = YES;
				CLANG_WARN_INFINITE_RECURSION = YES;
				CLANG_WARN_INT_CONVERSION = YES;
				CLANG_WARN_NON_LITERAL_NULL_CONVERSION = YES;
				CLANG_WARN_OBJC_IMPLICIT_RETAIN_SELF = YES;
				CLANG_WARN_OBJC_LITERAL_CONVERSION = YES;
				CLANG_WARN_OBJC_ROOT_CLASS = YES_ERROR;
				CLANG_WARN_RANGE_LOOP_ANALYSIS = YES;
				CLANG_WARN_STRICT_PROTOTYPES = YES;
				CLANG_WARN_SUSPICIOUS_MOVE = YES;
				CLANG_WARN_UNGUARDED_AVAILABILITY = YES_AGGRESSIVE;
				CLANG_WARN_UNREACHABLE_CODE = YES;
				CLANG_WARN__DUPLICATE_METHOD_MATCH = YES;
				COPY_PHASE_STRIP = NO;
				DEBUG_INFORMATION_FORMAT = "dwarf-with-dsym";
				ENABLE_NS_ASSERTIONS = NO;
				ENABLE_STRICT_OBJC_MSGSEND = YES;
				GCC_C_LANGUAGE_STANDARD = gnu11;
				GCC_NO_COMMON_BLOCKS = YES;
				GCC_WARN_64_TO_32_BIT_CONVERSION = YES;
				GCC_WARN_ABOUT_RETURN_TYPE = YES_ERROR;
				GCC_WARN_UNDECLARED_SELECTOR = YES;
				GCC_WARN_UNINITIALIZED_AUTOS = YES_AGGRESSIVE;
				GCC_WARN_UNUSED_FUNCTION = YES;
				GCC_WARN_UNUSED_VARIABLE = YES;
				IPHONEOS_DEPLOYMENT_TARGET = 13.1;
				MTL_ENABLE_DEBUG_INFO = NO;
				MTL_FAST_MATH = YES;
				SDKROOT = iphoneos;
				SWIFT_COMPILATION_MODE = wholemodule;
				SWIFT_OPTIMIZATION_LEVEL = "-O";
				VALIDATE_PRODUCT = YES;
			};
			name = Release;
		};
		650C926F2351CDD400D60EB1 /* Debug */ = {
			isa = XCBuildConfiguration;
			buildSettings = {
				ASSETCATALOG_COMPILER_APPICON_NAME = AppIcon;
				CODE_SIGN_ENTITLEMENTS = "SF Symbol Playground/SF Playground.entitlements";
				CODE_SIGN_STYLE = Automatic;
				DERIVE_MACCATALYST_PRODUCT_BUNDLE_IDENTIFIER = YES;
				DEVELOPMENT_ASSET_PATHS = "\"SF Symbol Playground/Preview Content\"";
				DEVELOPMENT_TEAM = PNJ2ZGDY4C;
				ENABLE_PREVIEWS = YES;
				INFOPLIST_FILE = "SF Symbol Playground/Info.plist";
				LD_RUNPATH_SEARCH_PATHS = (
					"$(inherited)",
					"@executable_path/Frameworks",
				);
				MARKETING_VERSION = 0.1;
				PRODUCT_BUNDLE_IDENTIFIER = "com.jeremieberduck.sfplayground.SF-Playground";
				PRODUCT_NAME = "SF Playground";
				SUPPORTS_MACCATALYST = YES;
				SWIFT_VERSION = 5.0;
				TARGETED_DEVICE_FAMILY = "1,2";
			};
			name = Debug;
		};
		650C92702351CDD400D60EB1 /* Release */ = {
			isa = XCBuildConfiguration;
			buildSettings = {
				ASSETCATALOG_COMPILER_APPICON_NAME = AppIcon;
				CODE_SIGN_ENTITLEMENTS = "SF Symbol Playground/SF Playground.entitlements";
				CODE_SIGN_STYLE = Automatic;
				DERIVE_MACCATALYST_PRODUCT_BUNDLE_IDENTIFIER = YES;
				DEVELOPMENT_ASSET_PATHS = "\"SF Symbol Playground/Preview Content\"";
				DEVELOPMENT_TEAM = PNJ2ZGDY4C;
				ENABLE_PREVIEWS = YES;
				INFOPLIST_FILE = "SF Symbol Playground/Info.plist";
				LD_RUNPATH_SEARCH_PATHS = (
					"$(inherited)",
					"@executable_path/Frameworks",
				);
				MARKETING_VERSION = 0.1;
				PRODUCT_BUNDLE_IDENTIFIER = "com.jeremieberduck.sfplayground.SF-Playground";
				PRODUCT_NAME = "SF Playground";
				SUPPORTS_MACCATALYST = YES;
				SWIFT_VERSION = 5.0;
				TARGETED_DEVICE_FAMILY = "1,2";
			};
			name = Release;
		};
/* End XCBuildConfiguration section */

/* Begin XCConfigurationList section */
		650C92552351CDD200D60EB1 /* Build configuration list for PBXProject "SF Symbol Playground" */ = {
			isa = XCConfigurationList;
			buildConfigurations = (
				650C926C2351CDD400D60EB1 /* Debug */,
				650C926D2351CDD400D60EB1 /* Release */,
			);
			defaultConfigurationIsVisible = 0;
			defaultConfigurationName = Release;
		};
		650C926E2351CDD400D60EB1 /* Build configuration list for PBXNativeTarget "SF Symbol Playground" */ = {
			isa = XCConfigurationList;
			buildConfigurations = (
				650C926F2351CDD400D60EB1 /* Debug */,
				650C92702351CDD400D60EB1 /* Release */,
			);
			defaultConfigurationIsVisible = 0;
			defaultConfigurationName = Release;
		};
/* End XCConfigurationList section */
	};
	rootObject = 650C92522351CDD200D60EB1 /* Project object */;
}
